{
  "version": 4,
  "terraform_version": "1.12.1",
  "serial": 11,
  "lineage": "88d625cd-4b5c-634a-5ee1-51d3a8b198de",
  "outputs": {
    "vm_external_ip": {
      "value": "34.76.30.58",
      "type": "string"
    }
  },
  "resources": [
    {
      "mode": "managed",
      "type": "google_compute_firewall",
      "name": "default",
      "provider": "provider[\"registry.terraform.io/hashicorp/google\"]",
      "instances": [
        {
          "schema_version": 1,
          "attributes": {
            "allow": [
              {
                "ports": [
                  "22",
                  "3000"
                ],
                "protocol": "tcp"
              }
            ],
            "creation_timestamp": "2025-05-19T06:01:03.088-07:00",
            "deny": [],
            "description": "",
            "destination_ranges": [],
            "direction": "INGRESS",
            "disabled": false,
            "enable_logging": null,
            "id": "projects/projet-deploy-individuel/global/firewalls/allow-ssh-api",
            "log_config": [],
            "name": "allow-ssh-api",
            "network": "https://www.googleapis.com/compute/v1/projects/projet-deploy-individuel/global/networks/vpc-network",
            "priority": 1000,
            "project": "projet-deploy-individuel",
            "self_link": "https://www.googleapis.com/compute/v1/projects/projet-deploy-individuel/global/firewalls/allow-ssh-api",
            "source_ranges": [
              "0.0.0.0/0"
            ],
            "source_service_accounts": [],
            "source_tags": [],
            "target_service_accounts": [],
            "target_tags": [],
            "timeouts": null
          },
          "sensitive_attributes": [],
          "identity_schema_version": 0,
          "private": "eyJlMmJmYjczMC1lY2FhLTExZTYtOGY4OC0zNDM2M2JjN2M0YzAiOnsiY3JlYXRlIjoxMjAwMDAwMDAwMDAwLCJkZWxldGUiOjEyMDAwMDAwMDAwMDAsInVwZGF0ZSI6MTIwMDAwMDAwMDAwMH0sInNjaGVtYV92ZXJzaW9uIjoiMSJ9",
          "dependencies": [
            "google_compute_network.vpc_network"
          ]
        }
      ]
    },
    {
      "mode": "managed",
      "type": "google_compute_instance",
      "name": "vm_api",
      "provider": "provider[\"registry.terraform.io/hashicorp/google\"]",
      "instances": [
        {
          "schema_version": 6,
          "attributes": {
            "advanced_machine_features": [],
            "allow_stopping_for_update": null,
            "attached_disk": [],
            "boot_disk": [
              {
                "auto_delete": true,
                "device_name": "persistent-disk-0",
                "disk_encryption_key_raw": "",
                "disk_encryption_key_rsa": "",
                "disk_encryption_key_sha256": "",
                "disk_encryption_service_account": "",
                "guest_os_features": [
                  "VIRTIO_SCSI_MULTIQUEUE",
                  "SEV_CAPABLE",
                  "SEV_SNP_CAPABLE",
                  "SEV_LIVE_MIGRATABLE",
                  "SEV_LIVE_MIGRATABLE_V2",
                  "IDPF",
                  "TDX_CAPABLE",
                  "UEFI_COMPATIBLE",
                  "GVNIC"
                ],
                "initialize_params": [
                  {
                    "architecture": "X86_64",
                    "enable_confidential_compute": false,
                    "image": "https://www.googleapis.com/compute/v1/projects/ubuntu-os-cloud/global/images/ubuntu-2204-jammy-v20250508",
                    "labels": {},
                    "provisioned_iops": 0,
                    "provisioned_throughput": 0,
                    "resource_manager_tags": null,
                    "resource_policies": [],
                    "size": 10,
                    "snapshot": "",
                    "source_image_encryption_key": [],
                    "source_snapshot_encryption_key": [],
                    "storage_pool": "",
                    "type": "pd-standard"
                  }
                ],
                "interface": "",
                "kms_key_self_link": "",
                "mode": "READ_WRITE",
                "source": "https://www.googleapis.com/compute/v1/projects/projet-deploy-individuel/zones/europe-west1-b/disks/api-vm"
              }
            ],
            "can_ip_forward": false,
            "confidential_instance_config": [],
            "cpu_platform": "Intel Broadwell",
            "creation_timestamp": "2025-05-20T02:01:20.354-07:00",
            "current_status": "RUNNING",
            "deletion_protection": false,
            "description": "",
            "desired_status": null,
            "effective_labels": {
              "goog-terraform-provisioned": "true"
            },
            "enable_display": false,
            "guest_accelerator": [],
            "hostname": "",
            "id": "projects/projet-deploy-individuel/zones/europe-west1-b/instances/api-vm",
            "instance_encryption_key": [],
            "instance_id": "8663419552761248271",
            "key_revocation_action_type": "",
            "label_fingerprint": "vezUS-42LLM=",
            "labels": null,
            "machine_type": "e2-micro",
            "metadata": {
              "ssh-keys": "ubuntu:ssh-rsa AAAAB3NzaC1yc2EAAAADAQABAAACAQDTMWGfFS0B7/UdqnKTyC+J9qLb+LqrERpzhtoN/59iwzHsVpTnMVqqMtpz/QOBIVeZOw9QAEjGM7qYvRYps3YbKOD7F13J+u//7X9xNDgx/Tjx4lAP7lwRclBpy6VPq+aGA1JJZa4J4Ha1pIHSZ6PtjR+8sXNEIvG5FvEaTRIQcMUIldOpoh5Glz09SksnQargQ7UT+SCajStXfqfj6U0UlP66JwOEjm4+tE+DzaSe8rxNLjwEipxA8bkMa9Qfd0qBFZRToZDnxZOeTGAJSKO6ZdQtwKS/7pY06iDzgY0GC7+eERM9mskmq4/1Ak2C8vjQ/Cv9C7AGpMlufMVpSzuJt7zfwkDB3P8ulWJWLt2zRPRDF4Wgi8S12AqfI/V8msu1ZYf6pu3Xl4e2j3zrW2eUJZDTvpJzrENG6OTxuHMLY8o6lqrycUGZjjn/xp70JNUx/+TLPnA0DFRSfot0NEdyPbmYXISbftXsuAIs+jrEisZg0DFhR/azBuQvsEFtUTvWT43wWMxt9iRU6Y+lCoUtxrtaRE83kJm8VD0/BNZPu0DP1nAb6b2aF14ORotwfAqrJoxiqyUL8wEViDcmGkMv4gMs+yRp/OarFyHqY2QSnWGBmcXeG2dhM4609xQls4Dgaz5UYNNzResZplbCVX5k9IGIWG08hqlJRJpl2drZRw== hichops@605T5H1P\n"
            },
            "metadata_fingerprint": "wR55kXwU9xU=",
            "metadata_startup_script": null,
            "min_cpu_platform": "",
            "name": "api-vm",
            "network_interface": [
              {
                "access_config": [
                  {
                    "nat_ip": "34.76.30.58",
                    "network_tier": "PREMIUM",
                    "public_ptr_domain_name": ""
                  }
                ],
                "alias_ip_range": [],
                "internal_ipv6_prefix_length": 0,
                "ipv6_access_config": [],
                "ipv6_access_type": "",
                "ipv6_address": "",
                "name": "nic0",
                "network": "https://www.googleapis.com/compute/v1/projects/projet-deploy-individuel/global/networks/vpc-network",
                "network_attachment": "",
                "network_ip": "10.132.0.4",
                "nic_type": "",
                "queue_count": 0,
                "stack_type": "IPV4_ONLY",
                "subnetwork": "https://www.googleapis.com/compute/v1/projects/projet-deploy-individuel/regions/europe-west1/subnetworks/vpc-network",
                "subnetwork_project": "projet-deploy-individuel"
              }
            ],
            "network_performance_config": [],
            "params": [],
            "project": "projet-deploy-individuel",
            "reservation_affinity": [],
            "resource_policies": null,
            "scheduling": [
              {
                "automatic_restart": true,
                "availability_domain": 0,
                "instance_termination_action": "",
                "local_ssd_recovery_timeout": [],
                "max_run_duration": [],
                "min_node_cpus": 0,
                "node_affinities": [],
                "on_host_maintenance": "MIGRATE",
                "on_instance_stop_action": [],
                "preemptible": false,
                "provisioning_model": "STANDARD",
                "termination_time": ""
              }
            ],
            "scratch_disk": [],
            "self_link": "https://www.googleapis.com/compute/v1/projects/projet-deploy-individuel/zones/europe-west1-b/instances/api-vm",
            "service_account": [],
            "shielded_instance_config": [
              {
                "enable_integrity_monitoring": true,
                "enable_secure_boot": false,
                "enable_vtpm": true
              }
            ],
            "tags": null,
            "tags_fingerprint": "42WmSpB8rSM=",
            "terraform_labels": {
              "goog-terraform-provisioned": "true"
            },
            "timeouts": null,
            "zone": "europe-west1-b"
          },
          "sensitive_attributes": [
            [
              {
                "type": "get_attr",
                "value": "boot_disk"
              },
              {
                "type": "index",
                "value": {
                  "value": 0,
                  "type": "number"
                }
              },
              {
                "type": "get_attr",
                "value": "disk_encryption_key_raw"
              }
            ],
            [
              {
                "type": "get_attr",
                "value": "boot_disk"
              },
              {
                "type": "index",
                "value": {
                  "value": 0,
                  "type": "number"
                }
              },
              {
                "type": "get_attr",
                "value": "disk_encryption_key_rsa"
              }
            ]
          ],
          "identity_schema_version": 0,
          "private": "eyJlMmJmYjczMC1lY2FhLTExZTYtOGY4OC0zNDM2M2JjN2M0YzAiOnsiY3JlYXRlIjoxMjAwMDAwMDAwMDAwLCJkZWxldGUiOjEyMDAwMDAwMDAwMDAsInVwZGF0ZSI6MTIwMDAwMDAwMDAwMH0sInNjaGVtYV92ZXJzaW9uIjoiNiJ9",
          "dependencies": [
            "google_compute_network.vpc_network"
          ]
        }
      ]
    },
    {
      "mode": "managed",
      "type": "google_compute_network",
      "name": "vpc_network",
      "provider": "provider[\"registry.terraform.io/hashicorp/google\"]",
      "instances": [
        {
          "schema_version": 0,
          "attributes": {
            "auto_create_subnetworks": true,
            "bgp_always_compare_med": false,
            "bgp_best_path_selection_mode": "LEGACY",
            "bgp_inter_region_cost": "",
            "delete_default_routes_on_create": false,
            "description": "",
            "enable_ula_internal_ipv6": false,
            "gateway_ipv4": "",
            "id": "projects/projet-deploy-individuel/global/networks/vpc-network",
            "internal_ipv6_range": "",
            "mtu": 0,
            "name": "vpc-network",
            "network_firewall_policy_enforcement_order": "AFTER_CLASSIC_FIREWALL",
            "network_id": "5517540906783643058",
            "network_profile": "",
            "numeric_id": "5517540906783643058",
            "project": "projet-deploy-individuel",
            "routing_mode": "REGIONAL",
            "self_link": "https://www.googleapis.com/compute/v1/projects/projet-deploy-individuel/global/networks/vpc-network",
            "timeouts": null
          },
          "sensitive_attributes": [],
          "identity_schema_version": 0,
          "private": "eyJlMmJmYjczMC1lY2FhLTExZTYtOGY4OC0zNDM2M2JjN2M0YzAiOnsiY3JlYXRlIjoxMjAwMDAwMDAwMDAwLCJkZWxldGUiOjEyMDAwMDAwMDAwMDAsInVwZGF0ZSI6MTIwMDAwMDAwMDAwMH19"
        }
      ]
    }
  ],
  "check_results": null
}
